
Microsoft Visual Studio Solution File, Format Version 12.00
# Visual Studio Version 17
VisualStudioVersion = 17.9.34728.123
MinimumVisualStudioVersion = 10.0.40219.1
Project("{9A19103F-16F7-4668-BE54-9A1E7A4F7556}") = "JsonFormattingAssignment", "JsonFormattingAssignment.csproj", "{BA45A5D6-1998-4D3C-928B-0CC6965C38DA}"
EndProject
Global
	GlobalSection(SolutionConfigurationPlatforms) = preSolution
		Debug|Any CPU = Debug|Any CPU
		Release|Any CPU = Release|Any CPU
	EndGlobalSection
	GlobalSection(ProjectConfigurationPlatforms) = postSolution
		{BA45A5D6-1998-4D3C-928B-0CC6965C38DA}.Debug|Any CPU.ActiveCfg = Debug|Any CPU
		{BA45A5D6-1998-4D3C-928B-0CC6965C38DA}.Debug|Any CPU.Build.0 = Debug|Any CPU
		{BA45A5D6-1998-4D3C-928B-0CC6965C38DA}.Release|Any CPU.ActiveCfg = Release|Any CPU
		{BA45A5D6-1998-4D3C-928B-0CC6965C38DA}.Release|Any CPU.Build.0 = Release|Any CPU
	EndGlobalSection
	GlobalSection(SolutionProperties) = preSolution
		HideSolutionNode = FALSE
	EndGlobalSection
	GlobalSection(ExtensibilityGlobals) = postSolution
		SolutionGuid = {0E5343AF-0820-458B-B9D6-7C308874E1E6}
	EndGlobalSection
EndGlobal
